// !$*UTF8*$!
{
	archiveVersion = 1;
	classes = {
	};
	objectVersion = 46;
	objects = {

/* Begin PBXBuildFile section */
		EF148E061A202FF40074C063 /* main.m in Sources */ = {isa = PBXBuildFile; fileRef = EF148E051A202FF40074C063 /* main.m */; };
		EF148E091A202FF40074C063 /* AppDelegate.m in Sources */ = {isa = PBXBuildFile; fileRef = EF148E081A202FF40074C063 /* AppDelegate.m */; };
		EF148E0C1A202FF40074C063 /* MasterViewController.m in Sources */ = {isa = PBXBuildFile; fileRef = EF148E0B1A202FF40074C063 /* MasterViewController.m */; };
		EF148E0F1A202FF40074C063 /* DetailViewController.m in Sources */ = {isa = PBXBuildFile; fileRef = EF148E0E1A202FF40074C063 /* DetailViewController.m */; };
		EF148E121A202FF40074C063 /* Main.storyboard in Resources */ = {isa = PBXBuildFile; fileRef = EF148E101A202FF40074C063 /* Main.storyboard */; };
		EF148E141A202FF40074C063 /* Images.xcassets in Resources */ = {isa = PBXBuildFile; fileRef = EF148E131A202FF40074C063 /* Images.xcassets */; };
		EF148E171A202FF40074C063 /* LaunchScreen.xib in Resources */ = {isa = PBXBuildFile; fileRef = EF148E151A202FF40074C063 /* LaunchScreen.xib */; };
		EF148E231A202FF50074C063 /* SecurityNewsTests.m in Sources */ = {isa = PBXBuildFile; fileRef = EF148E221A202FF50074C063 /* SecurityNewsTests.m */; };
		EF148E2F1A2302EA0074C063 /* cnet.png in Resources */ = {isa = PBXBuildFile; fileRef = EF148E2C1A2302EA0074C063 /* cnet.png */; };
		EF148E301A2302EA0074C063 /* google.png in Resources */ = {isa = PBXBuildFile; fileRef = EF148E2D1A2302EA0074C063 /* google.png */; };
		EF148E311A2302EA0074C063 /* default.png in Resources */ = {isa = PBXBuildFile; fileRef = EF148E2E1A2302EA0074C063 /* default.png */; };
		EF4178431A2C3F5500896C30 /* security.png in Resources */ = {isa = PBXBuildFile; fileRef = EF4178411A2C3F5500896C30 /* security.png */; };
		EF4178441A2C3F5500896C30 /* threat.png in Resources */ = {isa = PBXBuildFile; fileRef = EF4178421A2C3F5500896C30 /* threat.png */; };
/* End PBXBuildFile section */

/* Begin PBXContainerItemProxy section */
		EF148E1D1A202FF50074C063 /* PBXContainerItemProxy */ = {
			isa = PBXContainerItemProxy;
			containerPortal = EF148DF81A202FF30074C063 /* Project object */;
			proxyType = 1;
			remoteGlobalIDString = EF148DFF1A202FF40074C063;
			remoteInfo = SecurityNews;
		};
/* End PBXContainerItemProxy section */

/* Begin PBXFileReference section */
		EF148E001A202FF40074C063 /* SecurityNews.app */ = {isa = PBXFileReference; explicitFileType = wrapper.application; includeInIndex = 0; path = SecurityNews.app; sourceTree = BUILT_PRODUCTS_DIR; };
		EF148E041A202FF40074C063 /* Info.plist */ = {isa = PBXFileReference; lastKnownFileType = text.plist.xml; path = Info.plist; sourceTree = "<group>"; };
		EF148E051A202FF40074C063 /* main.m */ = {isa = PBXFileReference; lastKnownFileType = sourcecode.c.objc; path = main.m; sourceTree = "<group>"; };
		EF148E071A202FF40074C063 /* AppDelegate.h */ = {isa = PBXFileReference; lastKnownFileType = sourcecode.c.h; path = AppDelegate.h; sourceTree = "<group>"; };
		EF148E081A202FF40074C063 /* AppDelegate.m */ = {isa = PBXFileReference; lastKnownFileType = sourcecode.c.objc; path = AppDelegate.m; sourceTree = "<group>"; };
		EF148E0A1A202FF40074C063 /* MasterViewController.h */ = {isa = PBXFileReference; lastKnownFileType = sourcecode.c.h; path = MasterViewController.h; sourceTree = "<group>"; };
		EF148E0B1A202FF40074C063 /* MasterViewController.m */ = {isa = PBXFileReference; lastKnownFileType = sourcecode.c.objc; path = MasterViewController.m; sourceTree = "<group>"; };
		EF148E0D1A202FF40074C063 /* DetailViewController.h */ = {isa = PBXFileReference; lastKnownFileType = sourcecode.c.h; path = DetailViewController.h; sourceTree = "<group>"; };
		EF148E0E1A202FF40074C063 /* DetailViewController.m */ = {isa = PBXFileReference; lastKnownFileType = sourcecode.c.objc; path = DetailViewController.m; sourceTree = "<group>"; };
		EF148E111A202FF40074C063 /* Base */ = {isa = PBXFileReference; lastKnownFileType = file.storyboard; name = Base; path = Base.lproj/Main.storyboard; sourceTree = "<group>"; };
		EF148E131A202FF40074C063 /* Images.xcassets */ = {isa = PBXFileReference; lastKnownFileType = folder.assetcatalog; path = Images.xcassets; sourceTree = "<group>"; };
		EF148E161A202FF40074C063 /* Base */ = {isa = PBXFileReference; lastKnownFileType = file.xib; name = Base; path = Base.lproj/LaunchScreen.xib; sourceTree = "<group>"; };
		EF148E1C1A202FF50074C063 /* SecurityNewsTests.xctest */ = {isa = PBXFileReference; explicitFileType = wrapper.cfbundle; includeInIndex = 0; path = SecurityNewsTests.xctest; sourceTree = BUILT_PRODUCTS_DIR; };
		EF148E211A202FF50074C063 /* Info.plist */ = {isa = PBXFileReference; lastKnownFileType = text.plist.xml; path = Info.plist; sourceTree = "<group>"; };
		EF148E221A202FF50074C063 /* SecurityNewsTests.m */ = {isa = PBXFileReference; lastKnownFileType = sourcecode.c.objc; path = SecurityNewsTests.m; sourceTree = "<group>"; };
		EF148E2C1A2302EA0074C063 /* cnet.png */ = {isa = PBXFileReference; lastKnownFileType = image.png; path = cnet.png; sourceTree = "<group>"; };
		EF148E2D1A2302EA0074C063 /* google.png */ = {isa = PBXFileReference; lastKnownFileType = image.png; path = google.png; sourceTree = "<group>"; };
		EF148E2E1A2302EA0074C063 /* default.png */ = {isa = PBXFileReference; lastKnownFileType = image.png; path = default.png; sourceTree = "<group>"; };
		EF4178411A2C3F5500896C30 /* security.png */ = {isa = PBXFileReference; lastKnownFileType = image.png; path = security.png; sourceTree = "<group>"; };
		EF4178421A2C3F5500896C30 /* threat.png */ = {isa = PBXFileReference; lastKnownFileType = image.png; path = threat.png; sourceTree = "<group>"; };
/* End PBXFileReference section */

/* Begin PBXFrameworksBuildPhase section */
		EF148DFD1A202FF40074C063 /* Frameworks */ = {
			isa = PBXFrameworksBuildPhase;
			buildActionMask = 2147483647;
			files = (
			);
			runOnlyForDeploymentPostprocessing = 0;
		};
		EF148E191A202FF50074C063 /* Frameworks */ = {
			isa = PBXFrameworksBuildPhase;
			buildActionMask = 2147483647;
			files = (
			);
			runOnlyForDeploymentPostprocessing = 0;
		};
/* End PBXFrameworksBuildPhase section */

/* Begin PBXGroup section */
		EF148DF71A202FF30074C063 = {
			isa = PBXGroup;
			children = (
				EF148E021A202FF40074C063 /* SecurityNews */,
				EF148E1F1A202FF50074C063 /* SecurityNewsTests */,
				EF148E011A202FF40074C063 /* Products */,
			);
			sourceTree = "<group>";
		};
		EF148E011A202FF40074C063 /* Products */ = {
			isa = PBXGroup;
			children = (
				EF148E001A202FF40074C063 /* SecurityNews.app */,
				EF148E1C1A202FF50074C063 /* SecurityNewsTests.xctest */,
			);
			name = Products;
			sourceTree = "<group>";
		};
		EF148E021A202FF40074C063 /* SecurityNews */ = {
			isa = PBXGroup;
			children = (
				EF148E071A202FF40074C063 /* AppDelegate.h */,
				EF148E081A202FF40074C063 /* AppDelegate.m */,
				EF148E0A1A202FF40074C063 /* MasterViewController.h */,
				EF148E0B1A202FF40074C063 /* MasterViewController.m */,
				EF148E0D1A202FF40074C063 /* DetailViewController.h */,
				EF148E0E1A202FF40074C063 /* DetailViewController.m */,
				EF148E101A202FF40074C063 /* Main.storyboard */,
				EF148E131A202FF40074C063 /* Images.xcassets */,
				EF148E151A202FF40074C063 /* LaunchScreen.xib */,
				EF148E031A202FF40074C063 /* Supporting Files */,
			);
			path = SecurityNews;
			sourceTree = "<group>";
		};
		EF148E031A202FF40074C063 /* Supporting Files */ = {
			isa = PBXGroup;
			children = (
				EF4178411A2C3F5500896C30 /* security.png */,
				EF4178421A2C3F5500896C30 /* threat.png */,
				EF148E2C1A2302EA0074C063 /* cnet.png */,
				EF148E2D1A2302EA0074C063 /* google.png */,
				EF148E2E1A2302EA0074C063 /* default.png */,
				EF148E041A202FF40074C063 /* Info.plist */,
				EF148E051A202FF40074C063 /* main.m */,
			);
			name = "Supporting Files";
			sourceTree = "<group>";
		};
		EF148E1F1A202FF50074C063 /* SecurityNewsTests */ = {
			isa = PBXGroup;
			children = (
				EF148E221A202FF50074C063 /* SecurityNewsTests.m */,
				EF148E201A202FF50074C063 /* Supporting Files */,
			);
			path = SecurityNewsTests;
			sourceTree = "<group>";
		};
		EF148E201A202FF50074C063 /* Supporting Files */ = {
			isa = PBXGroup;
			children = (
				EF148E211A202FF50074C063 /* Info.plist */,
			);
			name = "Supporting Files";
			sourceTree = "<group>";
		};
/* End PBXGroup section */

/* Begin PBXNativeTarget section */
		EF148DFF1A202FF40074C063 /* SecurityNews */ = {
			isa = PBXNativeTarget;
			buildConfigurationList = EF148E261A202FF50074C063 /* Build configuration list for PBXNativeTarget "SecurityNews" */;
			buildPhases = (
				EF148DFC1A202FF40074C063 /* Sources */,
				EF148DFD1A202FF40074C063 /* Frameworks */,
				EF148DFE1A202FF40074C063 /* Resources */,
			);
			buildRules = (
			);
			dependencies = (
			);
			name = SecurityNews;
			productName = SecurityNews;
			productReference = EF148E001A202FF40074C063 /* SecurityNews.app */;
			productType = "com.apple.product-type.application";
		};
		EF148E1B1A202FF50074C063 /* SecurityNewsTests */ = {
			isa = PBXNativeTarget;
			buildConfigurationList = EF148E291A202FF50074C063 /* Build configuration list for PBXNativeTarget "SecurityNewsTests" */;
			buildPhases = (
				EF148E181A202FF50074C063 /* Sources */,
				EF148E191A202FF50074C063 /* Frameworks */,
				EF148E1A1A202FF50074C063 /* Resources */,
			);
			buildRules = (
			);
			dependencies = (
				EF148E1E1A202FF50074C063 /* PBXTargetDependency */,
			);
			name = SecurityNewsTests;
			productName = SecurityNewsTests;
			productReference = EF148E1C1A202FF50074C063 /* SecurityNewsTests.xctest */;
			productType = "com.apple.product-type.bundle.unit-test";
		};
/* End PBXNativeTarget section */

/* Begin PBXProject section */
		EF148DF81A202FF30074C063 /* Project object */ = {
			isa = PBXProject;
			attributes = {
				LastUpgradeCheck = 0610;
				ORGANIZATIONNAME = littleBigCoder;
				TargetAttributes = {
					EF148DFF1A202FF40074C063 = {
						CreatedOnToolsVersion = 6.1;
					};
					EF148E1B1A202FF50074C063 = {
						CreatedOnToolsVersion = 6.1;
						TestTargetID = EF148DFF1A202FF40074C063;
					};
				};
			};
			buildConfigurationList = EF148DFB1A202FF30074C063 /* Build configuration list for PBXProject "SecurityNews" */;
			compatibilityVersion = "Xcode 3.2";
			developmentRegion = English;
			hasScannedForEncodings = 0;
			knownRegions = (
				en,
				Base,
			);
			mainGroup = EF148DF71A202FF30074C063;
			productRefGroup = EF148E011A202FF40074C063 /* Products */;
			projectDirPath = "";
			projectRoot = "";
			targets = (
				EF148DFF1A202FF40074C063 /* SecurityNews */,
				EF148E1B1A202FF50074C063 /* SecurityNewsTests */,
			);
		};
/* End PBXProject section */

/* Begin PBXResourcesBuildPhase section */
		EF148DFE1A202FF40074C063 /* Resources */ = {
			isa = PBXResourcesBuildPhase;
			buildActionMask = 2147483647;
			files = (
				EF148E121A202FF40074C063 /* Main.storyboard in Resources */,
				EF148E2F1A2302EA0074C063 /* cnet.png in Resources */,
				EF148E171A202FF40074C063 /* LaunchScreen.xib in Resources */,
				EF4178431A2C3F5500896C30 /* security.png in Resources */,
				EF148E311A2302EA0074C063 /* default.png in Resources */,
				EF4178441A2C3F5500896C30 /* threat.png in Resources */,
				EF148E301A2302EA0074C063 /* google.png in Resources */,
				EF148E141A202FF40074C063 /* Images.xcassets in Resources */,
			);
			runOnlyForDeploymentPostprocessing = 0;
		};
		EF148E1A1A202FF50074C063 /* Resources */ = {
			isa = PBXResourcesBuildPhase;
			buildActionMask = 2147483647;
			files = (
			);
			runOnlyForDeploymentPostprocessing = 0;
		};
/* End PBXResourcesBuildPhase section */

/* Begin PBXSourcesBuildPhase section */
		EF148DFC1A202FF40074C063 /* Sources */ = {
			isa = PBXSourcesBuildPhase;
			buildActionMask = 2147483647;
			files = (
				EF148E091A202FF40074C063 /* AppDelegate.m in Sources */,
				EF148E0C1A202FF40074C063 /* MasterViewController.m in Sources */,
				EF148E061A202FF40074C063 /* main.m in Sources */,
				EF148E0F1A202FF40074C063 /* DetailViewController.m in Sources */,
			);
			runOnlyForDeploymentPostprocessing = 0;
		};
		EF148E181A202FF50074C063 /* Sources */ = {
			isa = PBXSourcesBuildPhase;
			buildActionMask = 2147483647;
			files = (
				EF148E231A202FF50074C063 /* SecurityNewsTests.m in Sources */,
			);
			runOnlyForDeploymentPostprocessing = 0;
		};
/* End PBXSourcesBuildPhase section */

/* Begin PBXTargetDependency section */
		EF148E1E1A202FF50074C063 /* PBXTargetDependency */ = {
			isa = PBXTargetDependency;
			target = EF148DFF1A202FF40074C063 /* SecurityNews */;
			targetProxy = EF148E1D1A202FF50074C063 /* PBXContainerItemProxy */;
		};
/* End PBXTargetDependency section */

/* Begin PBXVariantGroup section */
		EF148E101A202FF40074C063 /* Main.storyboard */ = {
			isa = PBXVariantGroup;
			children = (
				EF148E111A202FF40074C063 /* Base */,
			);
			name = Main.storyboard;
			sourceTree = "<group>";
		};
		EF148E151A202FF40074C063 /* LaunchScreen.xib */ = {
			isa = PBXVariantGroup;
			children = (
				EF148E161A202FF40074C063 /* Base */,
			);
			name = LaunchScreen.xib;
			sourceTree = "<group>";
		};
/* End PBXVariantGroup section */

/* Begin XCBuildConfiguration section */
		EF148E241A202FF50074C063 /* Debug */ = {
			isa = XCBuildConfiguration;
			buildSettings = {
				ALWAYS_SEARCH_USER_PATHS = NO;
				CLANG_CXX_LANGUAGE_STANDARD = "gnu++0x";
				CLANG_CXX_LIBRARY = "libc++";
				CLANG_ENABLE_MODULES = YES;
				CLANG_ENABLE_OBJC_ARC = YES;
				CLANG_WARN_BOOL_CONVERSION = YES;
				CLANG_WARN_CONSTANT_CONVERSION = YES;
				CLANG_WARN_DIRECT_OBJC_ISA_USAGE = YES_ERROR;
				CLANG_WARN_EMPTY_BODY = YES;
				CLANG_WARN_ENUM_CONVERSION = YES;
				CLANG_WARN_INT_CONVERSION = YES;
				CLANG_WARN_OBJC_ROOT_CLASS = YES_ERROR;
				CLANG_WARN_UNREACHABLE_CODE = YES;
				CLANG_WARN__DUPLICATE_METHOD_MATCH = YES;
				"CODE_SIGN_IDENTITY[sdk=iphoneos*]" = "iPhone Developer";
				COPY_PHASE_STRIP = NO;
				ENABLE_STRICT_OBJC_MSGSEND = YES;
				GCC_C_LANGUAGE_STANDARD = gnu99;
				GCC_DYNAMIC_NO_PIC = NO;
				GCC_OPTIMIZATION_LEVEL = 0;
				GCC_PREPROCESSOR_DEFINITIONS = (
					"DEBUG=1",
					"$(inherited)",
				);
				GCC_SYMBOLS_PRIVATE_EXTERN = NO;
				GCC_WARN_64_TO_32_BIT_CONVERSION = YES;
				GCC_WARN_ABOUT_RETURN_TYPE = YES_ERROR;
				GCC_WARN_UNDECLARED_SELECTOR = YES;
				GCC_WARN_UNINITIALIZED_AUTOS = YES_AGGRESSIVE;
				GCC_WARN_UNUSED_FUNCTION = YES;
				GCC_WARN_UNUSED_VARIABLE = YES;
				IPHONEOS_DEPLOYMENT_TARGET = 8.1;
				MTL_ENABLE_DEBUG_INFO = YES;
				ONLY_ACTIVE_ARCH = YES;
				SDKROOT = iphoneos;
			};
			name = Debug;
		};
		EF148E251A202FF50074C063 /* Release */ = {
			isa = XCBuildConfiguration;
			buildSettings = {
				ALWAYS_SEARCH_USER_PATHS = NO;
				CLANG_CXX_LANGUAGE_STANDARD = "gnu++0x";
				CLANG_CXX_LIBRARY = "libc++";
				CLANG_ENABLE_MODULES = YES;
				CLANG_ENABLE_OBJC_ARC = YES;
				CLANG_WARN_BOOL_CONVERSION = YES;
				CLANG_WARN_CONSTANT_CONVERSION = YES;
				CLANG_WARN_DIRECT_OBJC_ISA_USAGE = YES_ERROR;
				CLANG_WARN_EMPTY_BODY = YES;
				CLANG_WARN_ENUM_CONVERSION = YES;
				CLANG_WARN_INT_CONVERSION = YES;
				CLANG_WARN_OBJC_ROOT_CLASS = YES_ERROR;
				CLANG_WARN_UNREACHABLE_CODE = YES;
				CLANG_WARN__DUPLICATE_METHOD_MATCH = YES;
				"CODE_SIGN_IDENTITY[sdk=iphoneos*]" = "iPhone Developer";
				COPY_PHASE_STRIP = YES;
				ENABLE_NS_ASSERTIONS = NO;
				ENABLE_STRICT_OBJC_MSGSEND = YES;
				GCC_C_LANGUAGE_STANDARD = gnu99;
				GCC_WARN_64_TO_32_BIT_CONVERSION = YES;
				GCC_WARN_ABOUT_RETURN_TYPE = YES_ERROR;
				GCC_WARN_UNDECLARED_SELECTOR = YES;
				GCC_WARN_UNINITIALIZED_AUTOS = YES_AGGRESSIVE;
				GCC_WARN_UNUSED_FUNCTION = YES;
				GCC_WARN_UNUSED_VARIABLE = YES;
				IPHONEOS_DEPLOYMENT_TARGET = 8.1;
				MTL_ENABLE_DEBUG_INFO = NO;
				SDKROOT = iphoneos;
				VALIDATE_PRODUCT = YES;
			};
			name = Release;
		};
		EF148E271A202FF50074C063 /* Debug */ = {
			isa = XCBuildConfiguration;
			buildSettings = {
				ASSETCATALOG_COMPILER_APPICON_NAME = AppIcon;
				INFOPLIST_FILE = SecurityNews/Info.plist;
				LD_RUNPATH_SEARCH_PATHS = "$(inherited) @executable_path/Frameworks";
				PRODUCT_NAME = "$(TARGET_NAME)";
			};
			name = Debug;
		};
		EF148E281A202FF50074C063 /* Release */ = {
			isa = XCBuildConfiguration;
			buildSettings = {
				ASSETCATALOG_COMPILER_APPICON_NAME = AppIcon;
				INFOPLIST_FILE = SecurityNews/Info.plist;
				LD_RUNPATH_SEARCH_PATHS = "$(inherited) @executable_path/Frameworks";
				PRODUCT_NAME = "$(TARGET_NAME)";
			};
			name = Release;
		};
		EF148E2A1A202FF50074C063 /* Debug */ = {
			isa = XCBuildConfiguration;
			buildSettings = {
				BUNDLE_LOADER = "$(TEST_HOST)";
				FRAMEWORK_SEARCH_PATHS = (
					"$(SDKROOT)/Developer/Library/Frameworks",
					"$(inherited)",
				);
				GCC_PREPROCESSOR_DEFINITIONS = (
					"DEBUG=1",
					"$(inherited)",
				);
				INFOPLIST_FILE = SecurityNewsTests/Info.plist;
				LD_RUNPATH_SEARCH_PATHS = "$(inherited) @executable_path/Frameworks @loader_path/Frameworks";
				PRODUCT_NAME = "$(TARGET_NAME)";
				TEST_HOST = "$(BUILT_PRODUCTS_DIR)/SecurityNews.app/SecurityNews";
			};
			name = Debug;
		};
		EF148E2B1A202FF50074C063 /* Release */ = {
			isa = XCBuildConfiguration;
			buildSettings = {
				BUNDLE_LOADER = "$(TEST_HOST)";
				FRAMEWORK_SEARCH_PATHS = (
					"$(SDKROOT)/Developer/Library/Frameworks",
					"$(inherited)",
				);
				INFOPLIST_FILE = SecurityNewsTests/Info.plist;
				LD_RUNPATH_SEARCH_PATHS = "$(inherited) @executable_path/Frameworks @loader_path/Frameworks";
				PRODUCT_NAME = "$(TARGET_NAME)";
				TEST_HOST = "$(BUILT_PRODUCTS_DIR)/SecurityNews.app/SecurityNews";
			};
			name = Release;
		};
/* End XCBuildConfiguration section */

/* Begin XCConfigurationList section */
		EF148DFB1A202FF30074C063 /* Build configuration list for PBXProject "SecurityNews" */ = {
			isa = XCConfigurationList;
			buildConfigurations = (
				EF148E241A202FF50074C063 /* Debug */,
				EF148E251A202FF50074C063 /* Release */,
			);
			defaultConfigurationIsVisible = 0;
			defaultConfigurationName = Release;
		};
		EF148E261A202FF50074C063 /* Build configuration list for PBXNativeTarget "SecurityNews" */ = {
			isa = XCConfigurationList;
			buildConfigurations = (
				EF148E271A202FF50074C063 /* Debug */,
				EF148E281A202FF50074C063 /* Release */,
			);
			defaultConfigurationIsVisible = 0;
			defaultConfigurationName = Release;
		};
		EF148E291A202FF50074C063 /* Build configuration list for PBXNativeTarget "SecurityNewsTests" */ = {
			isa = XCConfigurationList;
			buildConfigurations = (
				EF148E2A1A202FF50074C063 /* Debug */,
				EF148E2B1A202FF50074C063 /* Release */,
			);
			defaultConfigurationIsVisible = 0;
			defaultConfigurationName = Release;
		};
/* End XCConfigurationList section */
	};
	rootObject = EF148DF81A202FF30074C063 /* Project object */;
}
